
Microsoft Visual Studio Solution File, Format Version 12.00
# Visual Studio Version 17
VisualStudioVersion = 17.3.32825.248
MinimumVisualStudioVersion = 10.0.40219.1
Project("{FAE04EC0-301F-11D3-BF4B-00C04F79EFBC}") = "WinFormApp", "WinFormApp\WinFormApp.csproj", "{6AD972C0-9555-41EB-92FB-DBB08630F9BC}"
EndProject
Global
	GlobalSection(SolutionConfigurationPlatforms) = preSolution
		Debug|Any CPU = Debug|Any CPU
		Release|Any CPU = Release|Any CPU
	EndGlobalSection
	GlobalSection(ProjectConfigurationPlatforms) = postSolution
		{6AD972C0-9555-41EB-92FB-DBB08630F9BC}.Debug|Any CPU.ActiveCfg = Debug|Any CPU
		{6AD972C0-9555-41EB-92FB-DBB08630F9BC}.Debug|Any CPU.Build.0 = Debug|Any CPU
		{6AD972C0-9555-41EB-92FB-DBB08630F9BC}.Release|Any CPU.ActiveCfg = Release|Any CPU
		{6AD972C0-9555-41EB-92FB-DBB08630F9BC}.Release|Any CPU.Build.0 = Release|Any CPU
	EndGlobalSection
	GlobalSection(SolutionProperties) = preSolution
		HideSolutionNode = FALSE
	EndGlobalSection
	GlobalSection(ExtensibilityGlobals) = postSolution
		SolutionGuid = {FD9B1EF4-697C-461E-8502-634CB4C3D327}
	EndGlobalSection
EndGlobal
